
Microsoft Visual Studio Solution File, Format Version 12.00
# Visual Studio Version 17
VisualStudioVersion = 17.9.34622.214
MinimumVisualStudioVersion = 10.0.40219.1
Project("{FAE04EC0-301F-11D3-BF4B-00C04F79EFBC}") = "MVC4_pratice_forum", "MVC4_pratice_forum.csproj", "{139A0B46-2E2E-43B7-A6FA-FAA8A9871EB7}"
EndProject
Global
	GlobalSection(SolutionConfigurationPlatforms) = preSolution
		Debug|Any CPU = Debug|Any CPU
		Release|Any CPU = Release|Any CPU
	EndGlobalSection
	GlobalSection(ProjectConfigurationPlatforms) = postSolution
		{139A0B46-2E2E-43B7-A6FA-FAA8A9871EB7}.Debug|Any CPU.ActiveCfg = Debug|Any CPU
		{139A0B46-2E2E-43B7-A6FA-FAA8A9871EB7}.Debug|Any CPU.Build.0 = Debug|Any CPU
		{139A0B46-2E2E-43B7-A6FA-FAA8A9871EB7}.Release|Any CPU.ActiveCfg = Release|Any CPU
		{139A0B46-2E2E-43B7-A6FA-FAA8A9871EB7}.Release|Any CPU.Build.0 = Release|Any CPU
	EndGlobalSection
	GlobalSection(SolutionProperties) = preSolution
		HideSolutionNode = FALSE
	EndGlobalSection
	GlobalSection(ExtensibilityGlobals) = postSolution
		SolutionGuid = {8CECAA8E-4306-40A8-96FB-947D1992EFF3}
	EndGlobalSection
EndGlobal
